{
  "name": "systeminfo-adapter",
  "version": "1.2.0",
  "lockfileVersion": 1,
  "requires": true,
  "dependencies": {
    "@types/node": {
      "version": "13.1.8",
      "resolved": "https://registry.npmjs.org/@types/node/-/node-13.1.8.tgz",
      "integrity": "sha512-6XzyyNM9EKQW4HKuzbo/CkOIjn/evtCmsU+MUM1xDfJ+3/rNjBttM1NgN7AOQvN6tP1Sl1D1PIKMreTArnxM9A==",
      "dev": true
    },
    "systeminformation": {
      "version": "4.19.1",
      "resolved": "https://registry.npmjs.org/systeminformation/-/systeminformation-4.19.1.tgz",
      "integrity": "sha512-6Jb+0aepgRb2B4vFgxKKcrr8QexhERkPX1z0EzIyCKDMQjILt+ZbNtFxrGjFwa67tn9Wbqs1L5t/CjCUwB1FcA=="
    },
    "typescript": {
      "version": "3.7.5",
      "resolved": "https://registry.npmjs.org/typescript/-/typescript-3.7.5.tgz",
      "integrity": "sha512-/P5lkRXkWHNAbcJIiHPfRoKqyd7bsyCma1hZNUGfn20qm64T6ZBlrzprymeu918H+mB/0rIg2gGK/BXkhhYgBw==",
      "dev": true
    }
  }
}
