{
  "name": "systeminfo-adapter",
  "version": "0.2.2",
  "lockfileVersion": 1,
  "requires": true,
  "dependencies": {
    "@types/node": {
      "version": "12.11.7",
      "resolved": "https://registry.npmjs.org/@types/node/-/node-12.11.7.tgz",
      "integrity": "sha512-JNbGaHFCLwgHn/iCckiGSOZ1XYHsKFwREtzPwSGCVld1SGhOlmZw2D4ZI94HQCrBHbADzW9m4LER/8olJTRGHA==",
      "dev": true
    },
    "@types/systeminformation": {
      "version": "3.23.1",
      "resolved": "https://registry.npmjs.org/@types/systeminformation/-/systeminformation-3.23.1.tgz",
      "integrity": "sha512-0/y5m3PQLhQL7UM8MEvwFuLoTT6k5bamcZyjap12S0iHb33ngKfDDqCSnIaCaKWvRE41R/9BsZov1aE6hvcpEg=="
    },
    "systeminformation": {
      "version": "4.8.3",
      "resolved": "https://registry.npmjs.org/systeminformation/-/systeminformation-4.8.3.tgz",
      "integrity": "sha512-9caWGIBX+5wPLgOITj4WziQdYqlervUSPKiuYsiclLrXAjH0d7mtBBUUcq7mEeG6Ym25Fl7Jn5EwMR6S5XnYdA=="
    },
    "typescript": {
      "version": "3.6.4",
      "resolved": "https://registry.npmjs.org/typescript/-/typescript-3.6.4.tgz",
      "integrity": "sha512-unoCll1+l+YK4i4F8f22TaNVPRHcD9PA3yCuZ8g5e0qGqlVlJ/8FSateOLLSagn+Yg5+ZwuPkL8LFUc0Jcvksg==",
      "dev": true
    }
  }
}
